
Microsoft Visual Studio Solution File, Format Version 12.00
# Visual Studio Version 16
VisualStudioVersion = 16.0.30804.86
MinimumVisualStudioVersion = 10.0.40219.1
Project("{9A19103F-16F7-4668-BE54-9A1E7A4F7556}") = "OpenAlprWebhookProcessor.Tests", "OpenAlprWebHookProcessor.Tests\OpenAlprWebhookProcessor.Tests.csproj", "{8C45B370-CE5D-415B-9CB9-50D934674250}"
EndProject
Project("{9A19103F-16F7-4668-BE54-9A1E7A4F7556}") = "OpenAlprWebhookProcessor", "OpenAlprWebhookProcessor\OpenAlprWebhookProcessor.csproj", "{17462310-EA00-4504-B21B-E59455069B28}"
EndProject
Global
	GlobalSection(SolutionConfigurationPlatforms) = preSolution
		Debug|Any CPU = Debug|Any CPU
		Release|Any CPU = Release|Any CPU
	EndGlobalSection
	GlobalSection(ProjectConfigurationPlatforms) = postSolution
		{8C45B370-CE5D-415B-9CB9-50D934674250}.Debug|Any CPU.ActiveCfg = Debug|Any CPU
		{8C45B370-CE5D-415B-9CB9-50D934674250}.Debug|Any CPU.Build.0 = Debug|Any CPU
		{8C45B370-CE5D-415B-9CB9-50D934674250}.Release|Any CPU.ActiveCfg = Release|Any CPU
		{8C45B370-CE5D-415B-9CB9-50D934674250}.Release|Any CPU.Build.0 = Release|Any CPU
		{17462310-EA00-4504-B21B-E59455069B28}.Debug|Any CPU.ActiveCfg = Debug|Any CPU
		{17462310-EA00-4504-B21B-E59455069B28}.Debug|Any CPU.Build.0 = Debug|Any CPU
		{17462310-EA00-4504-B21B-E59455069B28}.Release|Any CPU.ActiveCfg = Release|Any CPU
		{17462310-EA00-4504-B21B-E59455069B28}.Release|Any CPU.Build.0 = Release|Any CPU
	EndGlobalSection
	GlobalSection(SolutionProperties) = preSolution
		HideSolutionNode = FALSE
	EndGlobalSection
	GlobalSection(ExtensibilityGlobals) = postSolution
		SolutionGuid = {9330F2AC-DBCA-43DE-9B4B-F8D879A14387}
	EndGlobalSection
EndGlobal
