{
  "name": "OpenAlprWebhookProcessor",
  "lockfileVersion": 3,
  "requires": true,
  "packages": {
    "": {
      "dependencies": {
        "echarts": "^5.6.0",
        "ngx-echarts": "^20.0.1"
      }
    },
    "node_modules/@angular/core": {
      "version": "20.1.2",
      "resolved": "https://registry.npmjs.org/@angular/core/-/core-20.1.2.tgz",
      "integrity": "sha512-8jAvpkHoXHSH0HoqNVgPstSMGmC0oaYN93HW7K2rMRxj1Uhtahkeb/7/kfnj7yLi5FDfm98ofOFT4Lxzf2eZXQ==",
      "license": "MIT",
      "peer": true,
      "dependencies": {
        "tslib": "^2.3.0"
      },
      "engines": {
        "node": "^20.19.0 || ^22.12.0 || >=24.0.0"
      },
      "peerDependencies": {
        "@angular/compiler": "20.1.2",
        "rxjs": "^6.5.3 || ^7.4.0",
        "zone.js": "~0.15.0"
      },
      "peerDependenciesMeta": {
        "@angular/compiler": {
          "optional": true
        },
        "zone.js": {
          "optional": true
        }
      }
    },
    "node_modules/echarts": {
      "version": "5.6.0",
      "resolved": "https://registry.npmjs.org/echarts/-/echarts-5.6.0.tgz",
      "integrity": "sha512-oTbVTsXfKuEhxftHqL5xprgLoc0k7uScAwtryCgWF6hPYFLRwOUHiFmHGCBKP5NPFNkDVopOieyUqYGH8Fa3kA==",
      "license": "Apache-2.0",
      "dependencies": {
        "tslib": "2.3.0",
        "zrender": "5.6.1"
      }
    },
    "node_modules/echarts/node_modules/tslib": {
      "version": "2.3.0",
      "resolved": "https://registry.npmjs.org/tslib/-/tslib-2.3.0.tgz",
      "integrity": "sha512-N82ooyxVNm6h1riLCoyS9e3fuJ3AMG2zIZs2Gd1ATcSFjSA23Q0fzjjZeh0jbJvWVDZ0cJT8yaNNaaXHzueNjg==",
      "license": "0BSD"
    },
    "node_modules/ngx-echarts": {
      "version": "20.0.1",
      "resolved": "https://registry.npmjs.org/ngx-echarts/-/ngx-echarts-20.0.1.tgz",
      "integrity": "sha512-SpMj8jX4qVle1ZEA3ob4AlTXduhsUeMQdyILu7UWcNr/zRqR3dPgiiahIepdOIel+5PJDl3qtJGUiYhuIyUUMA==",
      "license": "MIT",
      "dependencies": {
        "tslib": "^2.3.0"
      },
      "peerDependencies": {
        "@angular/core": ">=20.0.0",
        "echarts": ">=5.0.0"
      }
    },
    "node_modules/rxjs": {
      "version": "7.8.2",
      "resolved": "https://registry.npmjs.org/rxjs/-/rxjs-7.8.2.tgz",
      "integrity": "sha512-dhKf903U/PQZY6boNNtAGdWbG85WAbjT/1xYoZIC7FAY0yWapOBQVsVrDl58W86//e1VpMNBtRV4MaXfdMySFA==",
      "license": "Apache-2.0",
      "peer": true,
      "dependencies": {
        "tslib": "^2.1.0"
      }
    },
    "node_modules/tslib": {
      "version": "2.8.1",
      "resolved": "https://registry.npmjs.org/tslib/-/tslib-2.8.1.tgz",
      "integrity": "sha512-oJFu94HQb+KVduSUQL7wnpmqnfmLsOA/nAh6b6EH0wCEoK0/mPeXU6c3wKDV83MkOuHPRHtSXKKU99IBazS/2w==",
      "license": "0BSD"
    },
    "node_modules/zrender": {
      "version": "5.6.1",
      "resolved": "https://registry.npmjs.org/zrender/-/zrender-5.6.1.tgz",
      "integrity": "sha512-OFXkDJKcrlx5su2XbzJvj/34Q3m6PvyCZkVPHGYpcCJ52ek4U/ymZyfuV1nKE23AyBJ51E/6Yr0mhZ7xGTO4ag==",
      "license": "BSD-3-Clause",
      "dependencies": {
        "tslib": "2.3.0"
      }
    },
    "node_modules/zrender/node_modules/tslib": {
      "version": "2.3.0",
      "resolved": "https://registry.npmjs.org/tslib/-/tslib-2.3.0.tgz",
      "integrity": "sha512-N82ooyxVNm6h1riLCoyS9e3fuJ3AMG2zIZs2Gd1ATcSFjSA23Q0fzjjZeh0jbJvWVDZ0cJT8yaNNaaXHzueNjg==",
      "license": "0BSD"
    }
  }
}
